
Microsoft Visual Studio Solution File, Format Version 12.00
# Visual Studio Version 16
VisualStudioVersion = 16.0.29006.145
MinimumVisualStudioVersion = 10.0.40219.1
Project("{FAE04EC0-301F-11D3-BF4B-00C04F79EFBC}") = "InetMonitor", "InetMonitor\InetMonitor.csproj", "{BD5028AB-9768-40A6-B970-413B92AB6666}"
EndProject
Project("{FAE04EC0-301F-11D3-BF4B-00C04F79EFBC}") = "InetMonitorTests", "InetMonitorTests\InetMonitorTests.csproj", "{7F9C371C-89D8-40EC-86A6-0BE640CE87FD}"
	ProjectSection(ProjectDependencies) = postProject
		{BD5028AB-9768-40A6-B970-413B92AB6666} = {BD5028AB-9768-40A6-B970-413B92AB6666}
	EndProjectSection
EndProject
Global
	GlobalSection(SolutionConfigurationPlatforms) = preSolution
		Debug|Any CPU = Debug|Any CPU
		Release|Any CPU = Release|Any CPU
	EndGlobalSection
	GlobalSection(ProjectConfigurationPlatforms) = postSolution
		{BD5028AB-9768-40A6-B970-413B92AB6666}.Debug|Any CPU.ActiveCfg = Debug|Any CPU
		{BD5028AB-9768-40A6-B970-413B92AB6666}.Debug|Any CPU.Build.0 = Debug|Any CPU
		{BD5028AB-9768-40A6-B970-413B92AB6666}.Release|Any CPU.ActiveCfg = Release|Any CPU
		{BD5028AB-9768-40A6-B970-413B92AB6666}.Release|Any CPU.Build.0 = Release|Any CPU
		{7F9C371C-89D8-40EC-86A6-0BE640CE87FD}.Debug|Any CPU.ActiveCfg = Debug|Any CPU
		{7F9C371C-89D8-40EC-86A6-0BE640CE87FD}.Debug|Any CPU.Build.0 = Debug|Any CPU
		{7F9C371C-89D8-40EC-86A6-0BE640CE87FD}.Release|Any CPU.ActiveCfg = Release|Any CPU
		{7F9C371C-89D8-40EC-86A6-0BE640CE87FD}.Release|Any CPU.Build.0 = Release|Any CPU
	EndGlobalSection
	GlobalSection(SolutionProperties) = preSolution
		HideSolutionNode = FALSE
	EndGlobalSection
	GlobalSection(ExtensibilityGlobals) = postSolution
		SolutionGuid = {97B7F000-AA4E-4DAA-838C-F78E6ADA501D}
	EndGlobalSection
EndGlobal
